
Microsoft Visual Studio Solution File, Format Version 12.00
Project("{FAE04EC0-301F-11D3-BF4B-00C04F79EFBC}") = "EksameProjekt", "EksameProjekt\EksameProjekt.csproj", "{32506C7F-C6E2-4200-BC7C-A8DFC51D228B}"
EndProject
Global
	GlobalSection(SolutionConfigurationPlatforms) = preSolution
		Debug|Any CPU = Debug|Any CPU
		Release|Any CPU = Release|Any CPU
	EndGlobalSection
	GlobalSection(ProjectConfigurationPlatforms) = postSolution
		{32506C7F-C6E2-4200-BC7C-A8DFC51D228B}.Debug|Any CPU.ActiveCfg = Debug|Any CPU
		{32506C7F-C6E2-4200-BC7C-A8DFC51D228B}.Debug|Any CPU.Build.0 = Debug|Any CPU
		{32506C7F-C6E2-4200-BC7C-A8DFC51D228B}.Release|Any CPU.ActiveCfg = Release|Any CPU
		{32506C7F-C6E2-4200-BC7C-A8DFC51D228B}.Release|Any CPU.Build.0 = Release|Any CPU
	EndGlobalSection
EndGlobal
